// !$*UTF8*$!
{
	archiveVersion = 1;
	classes = {
	};
	objectVersion = 55;
	objects = {

/* Begin PBXBuildFile section */
		7F4BC5FE2731969300B3ED09 /* AppDelegate.swift in Sources */ = {isa = PBXBuildFile; fileRef = 7F4BC5FD2731969300B3ED09 /* AppDelegate.swift */; };
		7F4BC6002731969300B3ED09 /* SceneDelegate.swift in Sources */ = {isa = PBXBuildFile; fileRef = 7F4BC5FF2731969300B3ED09 /* SceneDelegate.swift */; };
		7F4BC6022731969300B3ED09 /* ViewController.swift in Sources */ = {isa = PBXBuildFile; fileRef = 7F4BC6012731969300B3ED09 /* ViewController.swift */; };
		7F4BC6052731969300B3ED09 /* Main.storyboard in Resources */ = {isa = PBXBuildFile; fileRef = 7F4BC6032731969300B3ED09 /* Main.storyboard */; };
		7F4BC6072731969400B3ED09 /* Assets.xcassets in Resources */ = {isa = PBXBuildFile; fileRef = 7F4BC6062731969400B3ED09 /* Assets.xcassets */; };
		7F4BC60A2731969400B3ED09 /* LaunchScreen.storyboard in Resources */ = {isa = PBXBuildFile; fileRef = 7F4BC6082731969400B3ED09 /* LaunchScreen.storyboard */; };
		7F4BC6152731969400B3ED09 /* AccountAppTests.swift in Sources */ = {isa = PBXBuildFile; fileRef = 7F4BC6142731969400B3ED09 /* AccountAppTests.swift */; };
		7F4BC61F2731969400B3ED09 /* AccountAppUITests.swift in Sources */ = {isa = PBXBuildFile; fileRef = 7F4BC61E2731969400B3ED09 /* AccountAppUITests.swift */; };
		7F4BC6212731969400B3ED09 /* AccountAppUITestsLaunchTests.swift in Sources */ = {isa = PBXBuildFile; fileRef = 7F4BC6202731969400B3ED09 /* AccountAppUITestsLaunchTests.swift */; };
		7F4BC6322731991000B3ED09 /* AccountModule in Frameworks */ = {isa = PBXBuildFile; productRef = 7F4BC6312731991000B3ED09 /* AccountModule */; };
/* End PBXBuildFile section */

/* Begin PBXContainerItemProxy section */
		7F4BC6112731969400B3ED09 /* PBXContainerItemProxy */ = {
			isa = PBXContainerItemProxy;
			containerPortal = 7F4BC5F22731969300B3ED09 /* Project object */;
			proxyType = 1;
			remoteGlobalIDString = 7F4BC5F92731969300B3ED09;
			remoteInfo = AccountApp;
		};
		7F4BC61B2731969400B3ED09 /* PBXContainerItemProxy */ = {
			isa = PBXContainerItemProxy;
			containerPortal = 7F4BC5F22731969300B3ED09 /* Project object */;
			proxyType = 1;
			remoteGlobalIDString = 7F4BC5F92731969300B3ED09;
			remoteInfo = AccountApp;
		};
/* End PBXContainerItemProxy section */

/* Begin PBXFileReference section */
		7F4BC5FA2731969300B3ED09 /* AccountApp.app */ = {isa = PBXFileReference; explicitFileType = wrapper.application; includeInIndex = 0; path = AccountApp.app; sourceTree = BUILT_PRODUCTS_DIR; };
		7F4BC5FD2731969300B3ED09 /* AppDelegate.swift */ = {isa = PBXFileReference; lastKnownFileType = sourcecode.swift; path = AppDelegate.swift; sourceTree = "<group>"; };
		7F4BC5FF2731969300B3ED09 /* SceneDelegate.swift */ = {isa = PBXFileReference; lastKnownFileType = sourcecode.swift; path = SceneDelegate.swift; sourceTree = "<group>"; };
		7F4BC6012731969300B3ED09 /* ViewController.swift */ = {isa = PBXFileReference; lastKnownFileType = sourcecode.swift; path = ViewController.swift; sourceTree = "<group>"; };
		7F4BC6042731969300B3ED09 /* Base */ = {isa = PBXFileReference; lastKnownFileType = file.storyboard; name = Base; path = Base.lproj/Main.storyboard; sourceTree = "<group>"; };
		7F4BC6062731969400B3ED09 /* Assets.xcassets */ = {isa = PBXFileReference; lastKnownFileType = folder.assetcatalog; path = Assets.xcassets; sourceTree = "<group>"; };
		7F4BC6092731969400B3ED09 /* Base */ = {isa = PBXFileReference; lastKnownFileType = file.storyboard; name = Base; path = Base.lproj/LaunchScreen.storyboard; sourceTree = "<group>"; };
		7F4BC60B2731969400B3ED09 /* Info.plist */ = {isa = PBXFileReference; lastKnownFileType = text.plist.xml; path = Info.plist; sourceTree = "<group>"; };
		7F4BC6102731969400B3ED09 /* AccountAppTests.xctest */ = {isa = PBXFileReference; explicitFileType = wrapper.cfbundle; includeInIndex = 0; path = AccountAppTests.xctest; sourceTree = BUILT_PRODUCTS_DIR; };
		7F4BC6142731969400B3ED09 /* AccountAppTests.swift */ = {isa = PBXFileReference; lastKnownFileType = sourcecode.swift; path = AccountAppTests.swift; sourceTree = "<group>"; };
		7F4BC61A2731969400B3ED09 /* AccountAppUITests.xctest */ = {isa = PBXFileReference; explicitFileType = wrapper.cfbundle; includeInIndex = 0; path = AccountAppUITests.xctest; sourceTree = BUILT_PRODUCTS_DIR; };
		7F4BC61E2731969400B3ED09 /* AccountAppUITests.swift */ = {isa = PBXFileReference; lastKnownFileType = sourcecode.swift; path = AccountAppUITests.swift; sourceTree = "<group>"; };
		7F4BC6202731969400B3ED09 /* AccountAppUITestsLaunchTests.swift */ = {isa = PBXFileReference; lastKnownFileType = sourcecode.swift; path = AccountAppUITestsLaunchTests.swift; sourceTree = "<group>"; };
/* End PBXFileReference section */

/* Begin PBXFrameworksBuildPhase section */
		7F4BC5F72731969300B3ED09 /* Frameworks */ = {
			isa = PBXFrameworksBuildPhase;
			buildActionMask = 2147483647;
			files = (
				7F4BC6322731991000B3ED09 /* AccountModule in Frameworks */,
			);
			runOnlyForDeploymentPostprocessing = 0;
		};
		7F4BC60D2731969400B3ED09 /* Frameworks */ = {
			isa = PBXFrameworksBuildPhase;
			buildActionMask = 2147483647;
			files = (
			);
			runOnlyForDeploymentPostprocessing = 0;
		};
		7F4BC6172731969400B3ED09 /* Frameworks */ = {
			isa = PBXFrameworksBuildPhase;
			buildActionMask = 2147483647;
			files = (
			);
			runOnlyForDeploymentPostprocessing = 0;
		};
/* End PBXFrameworksBuildPhase section */

/* Begin PBXGroup section */
		7F4BC5F12731969300B3ED09 = {
			isa = PBXGroup;
			children = (
				7F4BC5FC2731969300B3ED09 /* AccountApp */,
				7F4BC6132731969400B3ED09 /* AccountAppTests */,
				7F4BC61D2731969400B3ED09 /* AccountAppUITests */,
				7F4BC5FB2731969300B3ED09 /* Products */,
			);
			sourceTree = "<group>";
		};
		7F4BC5FB2731969300B3ED09 /* Products */ = {
			isa = PBXGroup;
			children = (
				7F4BC5FA2731969300B3ED09 /* AccountApp.app */,
				7F4BC6102731969400B3ED09 /* AccountAppTests.xctest */,
				7F4BC61A2731969400B3ED09 /* AccountAppUITests.xctest */,
			);
			name = Products;
			sourceTree = "<group>";
		};
		7F4BC5FC2731969300B3ED09 /* AccountApp */ = {
			isa = PBXGroup;
			children = (
				7F4BC5FD2731969300B3ED09 /* AppDelegate.swift */,
				7F4BC5FF2731969300B3ED09 /* SceneDelegate.swift */,
				7F4BC6012731969300B3ED09 /* ViewController.swift */,
				7F4BC6032731969300B3ED09 /* Main.storyboard */,
				7F4BC6062731969400B3ED09 /* Assets.xcassets */,
				7F4BC6082731969400B3ED09 /* LaunchScreen.storyboard */,
				7F4BC60B2731969400B3ED09 /* Info.plist */,
			);
			path = AccountApp;
			sourceTree = "<group>";
		};
		7F4BC6132731969400B3ED09 /* AccountAppTests */ = {
			isa = PBXGroup;
			children = (
				7F4BC6142731969400B3ED09 /* AccountAppTests.swift */,
			);
			path = AccountAppTests;
			sourceTree = "<group>";
		};
		7F4BC61D2731969400B3ED09 /* AccountAppUITests */ = {
			isa = PBXGroup;
			children = (
				7F4BC61E2731969400B3ED09 /* AccountAppUITests.swift */,
				7F4BC6202731969400B3ED09 /* AccountAppUITestsLaunchTests.swift */,
			);
			path = AccountAppUITests;
			sourceTree = "<group>";
		};
/* End PBXGroup section */

/* Begin PBXNativeTarget section */
		7F4BC5F92731969300B3ED09 /* AccountApp */ = {
			isa = PBXNativeTarget;
			buildConfigurationList = 7F4BC6242731969400B3ED09 /* Build configuration list for PBXNativeTarget "AccountApp" */;
			buildPhases = (
				7F4BC5F62731969300B3ED09 /* Sources */,
				7F4BC5F72731969300B3ED09 /* Frameworks */,
				7F4BC5F82731969300B3ED09 /* Resources */,
			);
			buildRules = (
			);
			dependencies = (
			);
			name = AccountApp;
			packageProductDependencies = (
				7F4BC6312731991000B3ED09 /* AccountModule */,
			);
			productName = AccountApp;
			productReference = 7F4BC5FA2731969300B3ED09 /* AccountApp.app */;
			productType = "com.apple.product-type.application";
		};
		7F4BC60F2731969400B3ED09 /* AccountAppTests */ = {
			isa = PBXNativeTarget;
			buildConfigurationList = 7F4BC6272731969400B3ED09 /* Build configuration list for PBXNativeTarget "AccountAppTests" */;
			buildPhases = (
				7F4BC60C2731969400B3ED09 /* Sources */,
				7F4BC60D2731969400B3ED09 /* Frameworks */,
				7F4BC60E2731969400B3ED09 /* Resources */,
			);
			buildRules = (
			);
			dependencies = (
				7F4BC6122731969400B3ED09 /* PBXTargetDependency */,
			);
			name = AccountAppTests;
			productName = AccountAppTests;
			productReference = 7F4BC6102731969400B3ED09 /* AccountAppTests.xctest */;
			productType = "com.apple.product-type.bundle.unit-test";
		};
		7F4BC6192731969400B3ED09 /* AccountAppUITests */ = {
			isa = PBXNativeTarget;
			buildConfigurationList = 7F4BC62A2731969400B3ED09 /* Build configuration list for PBXNativeTarget "AccountAppUITests" */;
			buildPhases = (
				7F4BC6162731969400B3ED09 /* Sources */,
				7F4BC6172731969400B3ED09 /* Frameworks */,
				7F4BC6182731969400B3ED09 /* Resources */,
			);
			buildRules = (
			);
			dependencies = (
				7F4BC61C2731969400B3ED09 /* PBXTargetDependency */,
			);
			name = AccountAppUITests;
			productName = AccountAppUITests;
			productReference = 7F4BC61A2731969400B3ED09 /* AccountAppUITests.xctest */;
			productType = "com.apple.product-type.bundle.ui-testing";
		};
/* End PBXNativeTarget section */

/* Begin PBXProject section */
		7F4BC5F22731969300B3ED09 /* Project object */ = {
			isa = PBXProject;
			attributes = {
				BuildIndependentTargetsInParallel = 1;
				LastSwiftUpdateCheck = 1310;
				LastUpgradeCheck = 1310;
				TargetAttributes = {
					7F4BC5F92731969300B3ED09 = {
						CreatedOnToolsVersion = 13.1;
					};
					7F4BC60F2731969400B3ED09 = {
						CreatedOnToolsVersion = 13.1;
						TestTargetID = 7F4BC5F92731969300B3ED09;
					};
					7F4BC6192731969400B3ED09 = {
						CreatedOnToolsVersion = 13.1;
						TestTargetID = 7F4BC5F92731969300B3ED09;
					};
				};
			};
			buildConfigurationList = 7F4BC5F52731969300B3ED09 /* Build configuration list for PBXProject "AccountApp" */;
			compatibilityVersion = "Xcode 13.0";
			developmentRegion = en;
			hasScannedForEncodings = 0;
			knownRegions = (
				en,
				Base,
			);
			mainGroup = 7F4BC5F12731969300B3ED09;
			packageReferences = (
				7F4BC6302731991000B3ED09 /* XCRemoteSwiftPackageReference "accountmodule" */,
			);
			productRefGroup = 7F4BC5FB2731969300B3ED09 /* Products */;
			projectDirPath = "";
			projectRoot = "";
			targets = (
				7F4BC5F92731969300B3ED09 /* AccountApp */,
				7F4BC60F2731969400B3ED09 /* AccountAppTests */,
				7F4BC6192731969400B3ED09 /* AccountAppUITests */,
			);
		};
/* End PBXProject section */

/* Begin PBXResourcesBuildPhase section */
		7F4BC5F82731969300B3ED09 /* Resources */ = {
			isa = PBXResourcesBuildPhase;
			buildActionMask = 2147483647;
			files = (
				7F4BC60A2731969400B3ED09 /* LaunchScreen.storyboard in Resources */,
				7F4BC6072731969400B3ED09 /* Assets.xcassets in Resources */,
				7F4BC6052731969300B3ED09 /* Main.storyboard in Resources */,
			);
			runOnlyForDeploymentPostprocessing = 0;
		};
		7F4BC60E2731969400B3ED09 /* Resources */ = {
			isa = PBXResourcesBuildPhase;
			buildActionMask = 2147483647;
			files = (
			);
			runOnlyForDeploymentPostprocessing = 0;
		};
		7F4BC6182731969400B3ED09 /* Resources */ = {
			isa = PBXResourcesBuildPhase;
			buildActionMask = 2147483647;
			files = (
			);
			runOnlyForDeploymentPostprocessing = 0;
		};
/* End PBXResourcesBuildPhase section */

/* Begin PBXSourcesBuildPhase section */
		7F4BC5F62731969300B3ED09 /* Sources */ = {
			isa = PBXSourcesBuildPhase;
			buildActionMask = 2147483647;
			files = (
				7F4BC6022731969300B3ED09 /* ViewController.swift in Sources */,
				7F4BC5FE2731969300B3ED09 /* AppDelegate.swift in Sources */,
				7F4BC6002731969300B3ED09 /* SceneDelegate.swift in Sources */,
			);
			runOnlyForDeploymentPostprocessing = 0;
		};
		7F4BC60C2731969400B3ED09 /* Sources */ = {
			isa = PBXSourcesBuildPhase;
			buildActionMask = 2147483647;
			files = (
				7F4BC6152731969400B3ED09 /* AccountAppTests.swift in Sources */,
			);
			runOnlyForDeploymentPostprocessing = 0;
		};
		7F4BC6162731969400B3ED09 /* Sources */ = {
			isa = PBXSourcesBuildPhase;
			buildActionMask = 2147483647;
			files = (
				7F4BC6212731969400B3ED09 /* AccountAppUITestsLaunchTests.swift in Sources */,
				7F4BC61F2731969400B3ED09 /* AccountAppUITests.swift in Sources */,
			);
			runOnlyForDeploymentPostprocessing = 0;
		};
/* End PBXSourcesBuildPhase section */

/* Begin PBXTargetDependency section */
		7F4BC6122731969400B3ED09 /* PBXTargetDependency */ = {
			isa = PBXTargetDependency;
			target = 7F4BC5F92731969300B3ED09 /* AccountApp */;
			targetProxy = 7F4BC6112731969400B3ED09 /* PBXContainerItemProxy */;
		};
		7F4BC61C2731969400B3ED09 /* PBXTargetDependency */ = {
			isa = PBXTargetDependency;
			target = 7F4BC5F92731969300B3ED09 /* AccountApp */;
			targetProxy = 7F4BC61B2731969400B3ED09 /* PBXContainerItemProxy */;
		};
/* End PBXTargetDependency section */

/* Begin PBXVariantGroup section */
		7F4BC6032731969300B3ED09 /* Main.storyboard */ = {
			isa = PBXVariantGroup;
			children = (
				7F4BC6042731969300B3ED09 /* Base */,
			);
			name = Main.storyboard;
			sourceTree = "<group>";
		};
		7F4BC6082731969400B3ED09 /* LaunchScreen.storyboard */ = {
			isa = PBXVariantGroup;
			children = (
				7F4BC6092731969400B3ED09 /* Base */,
			);
			name = LaunchScreen.storyboard;
			sourceTree = "<group>";
		};
/* End PBXVariantGroup section */

/* Begin XCBuildConfiguration section */
		7F4BC6222731969400B3ED09 /* Debug */ = {
			isa = XCBuildConfiguration;
			buildSettings = {
				ALWAYS_SEARCH_USER_PATHS = NO;
				CLANG_ANALYZER_NONNULL = YES;
				CLANG_ANALYZER_NUMBER_OBJECT_CONVERSION = YES_AGGRESSIVE;
				CLANG_CXX_LANGUAGE_STANDARD = "gnu++17";
				CLANG_CXX_LIBRARY = "libc++";
				CLANG_ENABLE_MODULES = YES;
				CLANG_ENABLE_OBJC_ARC = YES;
				CLANG_ENABLE_OBJC_WEAK = YES;
				CLANG_WARN_BLOCK_CAPTURE_AUTORELEASING = YES;
				CLANG_WARN_BOOL_CONVERSION = YES;
				CLANG_WARN_COMMA = YES;
				CLANG_WARN_CONSTANT_CONVERSION = YES;
				CLANG_WARN_DEPRECATED_OBJC_IMPLEMENTATIONS = YES;
				CLANG_WARN_DIRECT_OBJC_ISA_USAGE = YES_ERROR;
				CLANG_WARN_DOCUMENTATION_COMMENTS = YES;
				CLANG_WARN_EMPTY_BODY = YES;
				CLANG_WARN_ENUM_CONVERSION = YES;
				CLANG_WARN_INFINITE_RECURSION = YES;
				CLANG_WARN_INT_CONVERSION = YES;
				CLANG_WARN_NON_LITERAL_NULL_CONVERSION = YES;
				CLANG_WARN_OBJC_IMPLICIT_RETAIN_SELF = YES;
				CLANG_WARN_OBJC_LITERAL_CONVERSION = YES;
				CLANG_WARN_OBJC_ROOT_CLASS = YES_ERROR;
				CLANG_WARN_QUOTED_INCLUDE_IN_FRAMEWORK_HEADER = YES;
				CLANG_WARN_RANGE_LOOP_ANALYSIS = YES;
				CLANG_WARN_STRICT_PROTOTYPES = YES;
				CLANG_WARN_SUSPICIOUS_MOVE = YES;
				CLANG_WARN_UNGUARDED_AVAILABILITY = YES_AGGRESSIVE;
				CLANG_WARN_UNREACHABLE_CODE = YES;
				CLANG_WARN__DUPLICATE_METHOD_MATCH = YES;
				COPY_PHASE_STRIP = NO;
				DEBUG_INFORMATION_FORMAT = dwarf;
				ENABLE_STRICT_OBJC_MSGSEND = YES;
				ENABLE_TESTABILITY = YES;
				GCC_C_LANGUAGE_STANDARD = gnu11;
				GCC_DYNAMIC_NO_PIC = NO;
				GCC_NO_COMMON_BLOCKS = YES;
				GCC_OPTIMIZATION_LEVEL = 0;
				GCC_PREPROCESSOR_DEFINITIONS = (
					"DEBUG=1",
					"$(inherited)",
				);
				GCC_WARN_64_TO_32_BIT_CONVERSION = YES;
				GCC_WARN_ABOUT_RETURN_TYPE = YES_ERROR;
				GCC_WARN_UNDECLARED_SELECTOR = YES;
				GCC_WARN_UNINITIALIZED_AUTOS = YES_AGGRESSIVE;
				GCC_WARN_UNUSED_FUNCTION = YES;
				GCC_WARN_UNUSED_VARIABLE = YES;
				IPHONEOS_DEPLOYMENT_TARGET = 15.0;
				MTL_ENABLE_DEBUG_INFO = INCLUDE_SOURCE;
				MTL_FAST_MATH = YES;
				ONLY_ACTIVE_ARCH = YES;
				SDKROOT = iphoneos;
				SWIFT_ACTIVE_COMPILATION_CONDITIONS = DEBUG;
				SWIFT_OPTIMIZATION_LEVEL = "-Onone";
			};
			name = Debug;
		};
		7F4BC6232731969400B3ED09 /* Release */ = {
			isa = XCBuildConfiguration;
			buildSettings = {
				ALWAYS_SEARCH_USER_PATHS = NO;
				CLANG_ANALYZER_NONNULL = YES;
				CLANG_ANALYZER_NUMBER_OBJECT_CONVERSION = YES_AGGRESSIVE;
				CLANG_CXX_LANGUAGE_STANDARD = "gnu++17";
				CLANG_CXX_LIBRARY = "libc++";
				CLANG_ENABLE_MODULES = YES;
				CLANG_ENABLE_OBJC_ARC = YES;
				CLANG_ENABLE_OBJC_WEAK = YES;
				CLANG_WARN_BLOCK_CAPTURE_AUTORELEASING = YES;
				CLANG_WARN_BOOL_CONVERSION = YES;
				CLANG_WARN_COMMA = YES;
				CLANG_WARN_CONSTANT_CONVERSION = YES;
				CLANG_WARN_DEPRECATED_OBJC_IMPLEMENTATIONS = YES;
				CLANG_WARN_DIRECT_OBJC_ISA_USAGE = YES_ERROR;
				CLANG_WARN_DOCUMENTATION_COMMENTS = YES;
				CLANG_WARN_EMPTY_BODY = YES;
				CLANG_WARN_ENUM_CONVERSION = YES;
				CLANG_WARN_INFINITE_RECURSION = YES;
				CLANG_WARN_INT_CONVERSION = YES;
				CLANG_WARN_NON_LITERAL_NULL_CONVERSION = YES;
				CLANG_WARN_OBJC_IMPLICIT_RETAIN_SELF = YES;
				CLANG_WARN_OBJC_LITERAL_CONVERSION = YES;
				CLANG_WARN_OBJC_ROOT_CLASS = YES_ERROR;
				CLANG_WARN_QUOTED_INCLUDE_IN_FRAMEWORK_HEADER = YES;
				CLANG_WARN_RANGE_LOOP_ANALYSIS = YES;
				CLANG_WARN_STRICT_PROTOTYPES = YES;
				CLANG_WARN_SUSPICIOUS_MOVE = YES;
				CLANG_WARN_UNGUARDED_AVAILABILITY = YES_AGGRESSIVE;
				CLANG_WARN_UNREACHABLE_CODE = YES;
				CLANG_WARN__DUPLICATE_METHOD_MATCH = YES;
				COPY_PHASE_STRIP = NO;
				DEBUG_INFORMATION_FORMAT = "dwarf-with-dsym";
				ENABLE_NS_ASSERTIONS = NO;
				ENABLE_STRICT_OBJC_MSGSEND = YES;
				GCC_C_LANGUAGE_STANDARD = gnu11;
				GCC_NO_COMMON_BLOCKS = YES;
				GCC_WARN_64_TO_32_BIT_CONVERSION = YES;
				GCC_WARN_ABOUT_RETURN_TYPE = YES_ERROR;
				GCC_WARN_UNDECLARED_SELECTOR = YES;
				GCC_WARN_UNINITIALIZED_AUTOS = YES_AGGRESSIVE;
				GCC_WARN_UNUSED_FUNCTION = YES;
				GCC_WARN_UNUSED_VARIABLE = YES;
				IPHONEOS_DEPLOYMENT_TARGET = 15.0;
				MTL_ENABLE_DEBUG_INFO = NO;
				MTL_FAST_MATH = YES;
				SDKROOT = iphoneos;
				SWIFT_COMPILATION_MODE = wholemodule;
				SWIFT_OPTIMIZATION_LEVEL = "-O";
				VALIDATE_PRODUCT = YES;
			};
			name = Release;
		};
		7F4BC6252731969400B3ED09 /* Debug */ = {
			isa = XCBuildConfiguration;
			buildSettings = {
				ASSETCATALOG_COMPILER_APPICON_NAME = AppIcon;
				ASSETCATALOG_COMPILER_GLOBAL_ACCENT_COLOR_NAME = AccentColor;
				CODE_SIGN_STYLE = Automatic;
				CURRENT_PROJECT_VERSION = 1;
				GENERATE_INFOPLIST_FILE = YES;
				INFOPLIST_FILE = AccountApp/Info.plist;
				INFOPLIST_KEY_UIApplicationSupportsIndirectInputEvents = YES;
				INFOPLIST_KEY_UILaunchStoryboardName = LaunchScreen;
				INFOPLIST_KEY_UIMainStoryboardFile = Main;
				INFOPLIST_KEY_UISupportedInterfaceOrientations_iPad = "UIInterfaceOrientationPortrait UIInterfaceOrientationPortraitUpsideDown UIInterfaceOrientationLandscapeLeft UIInterfaceOrientationLandscapeRight";
				INFOPLIST_KEY_UISupportedInterfaceOrientations_iPhone = "UIInterfaceOrientationPortrait UIInterfaceOrientationLandscapeLeft UIInterfaceOrientationLandscapeRight";
				LD_RUNPATH_SEARCH_PATHS = (
					"$(inherited)",
					"@executable_path/Frameworks",
				);
				MARKETING_VERSION = 1.0;
				PRODUCT_BUNDLE_IDENTIFIER = com.muzammilpeer.AccountApp;
				PRODUCT_NAME = "$(TARGET_NAME)";
				SWIFT_EMIT_LOC_STRINGS = YES;
				SWIFT_VERSION = 5.0;
				TARGETED_DEVICE_FAMILY = "1,2";
			};
			name = Debug;
		};
		7F4BC6262731969400B3ED09 /* Release */ = {
			isa = XCBuildConfiguration;
			buildSettings = {
				ASSETCATALOG_COMPILER_APPICON_NAME = AppIcon;
				ASSETCATALOG_COMPILER_GLOBAL_ACCENT_COLOR_NAME = AccentColor;
				CODE_SIGN_STYLE = Automatic;
				CURRENT_PROJECT_VERSION = 1;
				GENERATE_INFOPLIST_FILE = YES;
				INFOPLIST_FILE = AccountApp/Info.plist;
				INFOPLIST_KEY_UIApplicationSupportsIndirectInputEvents = YES;
				INFOPLIST_KEY_UILaunchStoryboardName = LaunchScreen;
				INFOPLIST_KEY_UIMainStoryboardFile = Main;
				INFOPLIST_KEY_UISupportedInterfaceOrientations_iPad = "UIInterfaceOrientationPortrait UIInterfaceOrientationPortraitUpsideDown UIInterfaceOrientationLandscapeLeft UIInterfaceOrientationLandscapeRight";
				INFOPLIST_KEY_UISupportedInterfaceOrientations_iPhone = "UIInterfaceOrientationPortrait UIInterfaceOrientationLandscapeLeft UIInterfaceOrientationLandscapeRight";
				LD_RUNPATH_SEARCH_PATHS = (
					"$(inherited)",
					"@executable_path/Frameworks",
				);
				MARKETING_VERSION = 1.0;
				PRODUCT_BUNDLE_IDENTIFIER = com.muzammilpeer.AccountApp;
				PRODUCT_NAME = "$(TARGET_NAME)";
				SWIFT_EMIT_LOC_STRINGS = YES;
				SWIFT_VERSION = 5.0;
				TARGETED_DEVICE_FAMILY = "1,2";
			};
			name = Release;
		};
		7F4BC6282731969400B3ED09 /* Debug */ = {
			isa = XCBuildConfiguration;
			buildSettings = {
				ALWAYS_EMBED_SWIFT_STANDARD_LIBRARIES = YES;
				BUNDLE_LOADER = "$(TEST_HOST)";
				CODE_SIGN_STYLE = Automatic;
				CURRENT_PROJECT_VERSION = 1;
				GENERATE_INFOPLIST_FILE = YES;
				IPHONEOS_DEPLOYMENT_TARGET = 15.0;
				LD_RUNPATH_SEARCH_PATHS = (
					"$(inherited)",
					"@executable_path/Frameworks",
					"@loader_path/Frameworks",
				);
				MARKETING_VERSION = 1.0;
				PRODUCT_BUNDLE_IDENTIFIER = com.muzammilpeer.AccountAppTests;
				PRODUCT_NAME = "$(TARGET_NAME)";
				SWIFT_EMIT_LOC_STRINGS = NO;
				SWIFT_VERSION = 5.0;
				TARGETED_DEVICE_FAMILY = "1,2";
				TEST_HOST = "$(BUILT_PRODUCTS_DIR)/AccountApp.app/AccountApp";
			};
			name = Debug;
		};
		7F4BC6292731969400B3ED09 /* Release */ = {
			isa = XCBuildConfiguration;
			buildSettings = {
				ALWAYS_EMBED_SWIFT_STANDARD_LIBRARIES = YES;
				BUNDLE_LOADER = "$(TEST_HOST)";
				CODE_SIGN_STYLE = Automatic;
				CURRENT_PROJECT_VERSION = 1;
				GENERATE_INFOPLIST_FILE = YES;
				IPHONEOS_DEPLOYMENT_TARGET = 15.0;
				LD_RUNPATH_SEARCH_PATHS = (
					"$(inherited)",
					"@executable_path/Frameworks",
					"@loader_path/Frameworks",
				);
				MARKETING_VERSION = 1.0;
				PRODUCT_BUNDLE_IDENTIFIER = com.muzammilpeer.AccountAppTests;
				PRODUCT_NAME = "$(TARGET_NAME)";
				SWIFT_EMIT_LOC_STRINGS = NO;
				SWIFT_VERSION = 5.0;
				TARGETED_DEVICE_FAMILY = "1,2";
				TEST_HOST = "$(BUILT_PRODUCTS_DIR)/AccountApp.app/AccountApp";
			};
			name = Release;
		};
		7F4BC62B2731969400B3ED09 /* Debug */ = {
			isa = XCBuildConfiguration;
			buildSettings = {
				ALWAYS_EMBED_SWIFT_STANDARD_LIBRARIES = YES;
				CODE_SIGN_STYLE = Automatic;
				CURRENT_PROJECT_VERSION = 1;
				GENERATE_INFOPLIST_FILE = YES;
				LD_RUNPATH_SEARCH_PATHS = (
					"$(inherited)",
					"@executable_path/Frameworks",
					"@loader_path/Frameworks",
				);
				MARKETING_VERSION = 1.0;
				PRODUCT_BUNDLE_IDENTIFIER = com.muzammilpeer.AccountAppUITests;
				PRODUCT_NAME = "$(TARGET_NAME)";
				SWIFT_EMIT_LOC_STRINGS = NO;
				SWIFT_VERSION = 5.0;
				TARGETED_DEVICE_FAMILY = "1,2";
				TEST_TARGET_NAME = AccountApp;
			};
			name = Debug;
		};
		7F4BC62C2731969400B3ED09 /* Release */ = {
			isa = XCBuildConfiguration;
			buildSettings = {
				ALWAYS_EMBED_SWIFT_STANDARD_LIBRARIES = YES;
				CODE_SIGN_STYLE = Automatic;
				CURRENT_PROJECT_VERSION = 1;
				GENERATE_INFOPLIST_FILE = YES;
				LD_RUNPATH_SEARCH_PATHS = (
					"$(inherited)",
					"@executable_path/Frameworks",
					"@loader_path/Frameworks",
				);
				MARKETING_VERSION = 1.0;
				PRODUCT_BUNDLE_IDENTIFIER = com.muzammilpeer.AccountAppUITests;
				PRODUCT_NAME = "$(TARGET_NAME)";
				SWIFT_EMIT_LOC_STRINGS = NO;
				SWIFT_VERSION = 5.0;
				TARGETED_DEVICE_FAMILY = "1,2";
				TEST_TARGET_NAME = AccountApp;
			};
			name = Release;
		};
/* End XCBuildConfiguration section */

/* Begin XCConfigurationList section */
		7F4BC5F52731969300B3ED09 /* Build configuration list for PBXProject "AccountApp" */ = {
			isa = XCConfigurationList;
			buildConfigurations = (
				7F4BC6222731969400B3ED09 /* Debug */,
				7F4BC6232731969400B3ED09 /* Release */,
			);
			defaultConfigurationIsVisible = 0;
			defaultConfigurationName = Release;
		};
		7F4BC6242731969400B3ED09 /* Build configuration list for PBXNativeTarget "AccountApp" */ = {
			isa = XCConfigurationList;
			buildConfigurations = (
				7F4BC6252731969400B3ED09 /* Debug */,
				7F4BC6262731969400B3ED09 /* Release */,
			);
			defaultConfigurationIsVisible = 0;
			defaultConfigurationName = Release;
		};
		7F4BC6272731969400B3ED09 /* Build configuration list for PBXNativeTarget "AccountAppTests" */ = {
			isa = XCConfigurationList;
			buildConfigurations = (
				7F4BC6282731969400B3ED09 /* Debug */,
				7F4BC6292731969400B3ED09 /* Release */,
			);
			defaultConfigurationIsVisible = 0;
			defaultConfigurationName = Release;
		};
		7F4BC62A2731969400B3ED09 /* Build configuration list for PBXNativeTarget "AccountAppUITests" */ = {
			isa = XCConfigurationList;
			buildConfigurations = (
				7F4BC62B2731969400B3ED09 /* Debug */,
				7F4BC62C2731969400B3ED09 /* Release */,
			);
			defaultConfigurationIsVisible = 0;
			defaultConfigurationName = Release;
		};
/* End XCConfigurationList section */

/* Begin XCRemoteSwiftPackageReference section */
		7F4BC6302731991000B3ED09 /* XCRemoteSwiftPackageReference "accountmodule" */ = {
			isa = XCRemoteSwiftPackageReference;
			repositoryURL = "http://muzammilpeer.com:9090/scm/sw/accountmodule.git";
			requirement = {
				branch = master;
				kind = branch;
			};
		};
/* End XCRemoteSwiftPackageReference section */

/* Begin XCSwiftPackageProductDependency section */
		7F4BC6312731991000B3ED09 /* AccountModule */ = {
			isa = XCSwiftPackageProductDependency;
			package = 7F4BC6302731991000B3ED09 /* XCRemoteSwiftPackageReference "accountmodule" */;
			productName = AccountModule;
		};
/* End XCSwiftPackageProductDependency section */
	};
	rootObject = 7F4BC5F22731969300B3ED09 /* Project object */;
}
